
Microsoft Visual Studio Solution File, Format Version 12.00
Project("{FAE04EC0-301F-11D3-BF4B-00C04F79EFBC}") = "Tebex-Unity", "Tebex-Unity.csproj", "{EC621013-5668-46A0-B97E-34C691B7AC93}"
EndProject
Project("{FAE04EC0-301F-11D3-BF4B-00C04F79EFBC}") = "Tebex-CSharp.Tests", "..\Tebex-CSharp.Tests\Tebex-CSharp.Tests.csproj", "{6D0A5EA9-36D3-49E2-8C47-4B022136588F}"
EndProject
Project("{FAE04EC0-301F-11D3-BF4B-00C04F79EFBC}") = "Tebex-CSharp", "..\Tebex-CSharp\Tebex-CSharp\Tebex-CSharp.csproj", "{0B785DFF-3E57-49B7-B5C6-34912E345769}"
EndProject
Global
	GlobalSection(SolutionConfigurationPlatforms) = preSolution
		Debug|Any CPU = Debug|Any CPU
		Release|Any CPU = Release|Any CPU
	EndGlobalSection
	GlobalSection(ProjectConfigurationPlatforms) = postSolution
		{EC621013-5668-46A0-B97E-34C691B7AC93}.Debug|Any CPU.ActiveCfg = Debug|Any CPU
		{EC621013-5668-46A0-B97E-34C691B7AC93}.Debug|Any CPU.Build.0 = Debug|Any CPU
		{EC621013-5668-46A0-B97E-34C691B7AC93}.Release|Any CPU.ActiveCfg = Release|Any CPU
		{EC621013-5668-46A0-B97E-34C691B7AC93}.Release|Any CPU.Build.0 = Release|Any CPU
		{6D0A5EA9-36D3-49E2-8C47-4B022136588F}.Debug|Any CPU.ActiveCfg = Debug|Any CPU
		{6D0A5EA9-36D3-49E2-8C47-4B022136588F}.Debug|Any CPU.Build.0 = Debug|Any CPU
		{6D0A5EA9-36D3-49E2-8C47-4B022136588F}.Release|Any CPU.ActiveCfg = Release|Any CPU
		{6D0A5EA9-36D3-49E2-8C47-4B022136588F}.Release|Any CPU.Build.0 = Release|Any CPU
		{0B785DFF-3E57-49B7-B5C6-34912E345769}.Debug|Any CPU.ActiveCfg = Debug|Any CPU
		{0B785DFF-3E57-49B7-B5C6-34912E345769}.Debug|Any CPU.Build.0 = Debug|Any CPU
		{0B785DFF-3E57-49B7-B5C6-34912E345769}.Release|Any CPU.ActiveCfg = Release|Any CPU
		{0B785DFF-3E57-49B7-B5C6-34912E345769}.Release|Any CPU.Build.0 = Release|Any CPU
	EndGlobalSection
EndGlobal
